
Microsoft Visual Studio Solution File, Format Version 12.00
# Visual Studio Version 17
VisualStudioVersion = 17.10.35027.167
MinimumVisualStudioVersion = 10.0.40219.1
Project("{FAE04EC0-301F-11D3-BF4B-00C04F79EFBC}") = "RealityRishi", "RealityRishi.csproj", "{0A95F68E-DEA1-4ADF-B4A4-BA0114EA64B0}"
EndProject
Global
	GlobalSection(SolutionConfigurationPlatforms) = preSolution
		Debug|Any CPU = Debug|Any CPU
		Release|Any CPU = Release|Any CPU
	EndGlobalSection
	GlobalSection(ProjectConfigurationPlatforms) = postSolution
		{0A95F68E-DEA1-4ADF-B4A4-BA0114EA64B0}.Debug|Any CPU.ActiveCfg = Debug|Any CPU
		{0A95F68E-DEA1-4ADF-B4A4-BA0114EA64B0}.Debug|Any CPU.Build.0 = Debug|Any CPU
		{0A95F68E-DEA1-4ADF-B4A4-BA0114EA64B0}.Release|Any CPU.ActiveCfg = Release|Any CPU
		{0A95F68E-DEA1-4ADF-B4A4-BA0114EA64B0}.Release|Any CPU.Build.0 = Release|Any CPU
	EndGlobalSection
	GlobalSection(SolutionProperties) = preSolution
		HideSolutionNode = FALSE
	EndGlobalSection
	GlobalSection(ExtensibilityGlobals) = postSolution
		SolutionGuid = {5CFB9B02-A817-4D11-A2E5-F3DEF3CB275C}
	EndGlobalSection
EndGlobal
